
Microsoft Visual Studio Solution File, Format Version 12.00
# Visual Studio Version 16
VisualStudioVersion = 16.0.29728.190
MinimumVisualStudioVersion = 10.0.40219.1
Project("{9A19103F-16F7-4668-BE54-9A1E7A4F7556}") = "ProcessingTools.Extensions.Linq", "ProcessingTools.Extensions.Linq\ProcessingTools.Extensions.Linq.csproj", "{8A06E6E2-0F50-4972-A6D3-DF8CBEC904E7}"
EndProject
Project("{FAE04EC0-301F-11D3-BF4B-00C04F79EFBC}") = "ProcessingTools.Extensions.Linq.Tests", "ProcessingTools.Extensions.Linq.Tests\ProcessingTools.Extensions.Linq.Tests.csproj", "{62A222A4-1C21-4AB2-90E9-DFFB044F08DA}"
EndProject
Global
	GlobalSection(SolutionConfigurationPlatforms) = preSolution
		Debug|Any CPU = Debug|Any CPU
		Release|Any CPU = Release|Any CPU
	EndGlobalSection
	GlobalSection(ProjectConfigurationPlatforms) = postSolution
		{8A06E6E2-0F50-4972-A6D3-DF8CBEC904E7}.Debug|Any CPU.ActiveCfg = Debug|Any CPU
		{8A06E6E2-0F50-4972-A6D3-DF8CBEC904E7}.Debug|Any CPU.Build.0 = Debug|Any CPU
		{8A06E6E2-0F50-4972-A6D3-DF8CBEC904E7}.Release|Any CPU.ActiveCfg = Release|Any CPU
		{8A06E6E2-0F50-4972-A6D3-DF8CBEC904E7}.Release|Any CPU.Build.0 = Release|Any CPU
		{62A222A4-1C21-4AB2-90E9-DFFB044F08DA}.Debug|Any CPU.ActiveCfg = Debug|Any CPU
		{62A222A4-1C21-4AB2-90E9-DFFB044F08DA}.Debug|Any CPU.Build.0 = Debug|Any CPU
		{62A222A4-1C21-4AB2-90E9-DFFB044F08DA}.Release|Any CPU.ActiveCfg = Release|Any CPU
		{62A222A4-1C21-4AB2-90E9-DFFB044F08DA}.Release|Any CPU.Build.0 = Release|Any CPU
	EndGlobalSection
	GlobalSection(SolutionProperties) = preSolution
		HideSolutionNode = FALSE
	EndGlobalSection
	GlobalSection(ExtensibilityGlobals) = postSolution
		SolutionGuid = {ECDBC350-D377-4D7F-AFE1-2ECF8AA358EF}
	EndGlobalSection
EndGlobal
